
Microsoft Visual Studio Solution File, Format Version 12.00
# Visual Studio Version 17
VisualStudioVersion = 17.5.002.0
MinimumVisualStudioVersion = 10.0.40219.1
Project("{9A19103F-16F7-4668-BE54-9A1E7A4F7556}") = "StarWarsApp", "StarWarsApp.csproj", "{F580D8D5-0E18-492B-A15A-F2EE3B9216BB}"
EndProject
Global
	GlobalSection(SolutionConfigurationPlatforms) = preSolution
		Debug|Any CPU = Debug|Any CPU
		Release|Any CPU = Release|Any CPU
	EndGlobalSection
	GlobalSection(ProjectConfigurationPlatforms) = postSolution
		{F580D8D5-0E18-492B-A15A-F2EE3B9216BB}.Debug|Any CPU.ActiveCfg = Debug|Any CPU
		{F580D8D5-0E18-492B-A15A-F2EE3B9216BB}.Debug|Any CPU.Build.0 = Debug|Any CPU
		{F580D8D5-0E18-492B-A15A-F2EE3B9216BB}.Release|Any CPU.ActiveCfg = Release|Any CPU
		{F580D8D5-0E18-492B-A15A-F2EE3B9216BB}.Release|Any CPU.Build.0 = Release|Any CPU
	EndGlobalSection
	GlobalSection(SolutionProperties) = preSolution
		HideSolutionNode = FALSE
	EndGlobalSection
	GlobalSection(ExtensibilityGlobals) = postSolution
		SolutionGuid = {77E307E2-99EA-47FC-A8E3-44BE6F08339B}
	EndGlobalSection
EndGlobal
